
Microsoft Visual Studio Solution File, Format Version 12.00
# Visual Studio Version 17
VisualStudioVersion = 17.8.34525.116
MinimumVisualStudioVersion = 10.0.40219.1
Project("{FAE04EC0-301F-11D3-BF4B-00C04F79EFBC}") = "ConsoleApp100a1", "ConsoleApp100a1\ConsoleApp100a1.csproj", "{2C4D151F-62CB-4E13-9CDD-CC926B95AAD6}"
EndProject
Global
	GlobalSection(SolutionConfigurationPlatforms) = preSolution
		Debug|Any CPU = Debug|Any CPU
		Release|Any CPU = Release|Any CPU
	EndGlobalSection
	GlobalSection(ProjectConfigurationPlatforms) = postSolution
		{2C4D151F-62CB-4E13-9CDD-CC926B95AAD6}.Debug|Any CPU.ActiveCfg = Debug|Any CPU
		{2C4D151F-62CB-4E13-9CDD-CC926B95AAD6}.Debug|Any CPU.Build.0 = Debug|Any CPU
		{2C4D151F-62CB-4E13-9CDD-CC926B95AAD6}.Release|Any CPU.ActiveCfg = Release|Any CPU
		{2C4D151F-62CB-4E13-9CDD-CC926B95AAD6}.Release|Any CPU.Build.0 = Release|Any CPU
	EndGlobalSection
	GlobalSection(SolutionProperties) = preSolution
		HideSolutionNode = FALSE
	EndGlobalSection
	GlobalSection(ExtensibilityGlobals) = postSolution
		SolutionGuid = {4E578A03-F3C0-4FC9-82B5-DA11B9CC3D3A}
	EndGlobalSection
EndGlobal
